
Microsoft Visual Studio Solution File, Format Version 12.00
# Visual Studio Version 16
VisualStudioVersion = 16.0.33214.272
MinimumVisualStudioVersion = 10.0.40219.1
Project("{FAE04EC0-301F-11D3-BF4B-00C04F79EFBC}") = "WpfApp8", "WpfApp8\WpfApp8.csproj", "{3641D69E-277C-4F89-B68A-C3CDE072930A}"
EndProject
Global
	GlobalSection(SolutionConfigurationPlatforms) = preSolution
		Debug|Any CPU = Debug|Any CPU
		Release|Any CPU = Release|Any CPU
	EndGlobalSection
	GlobalSection(ProjectConfigurationPlatforms) = postSolution
		{3641D69E-277C-4F89-B68A-C3CDE072930A}.Debug|Any CPU.ActiveCfg = Debug|Any CPU
		{3641D69E-277C-4F89-B68A-C3CDE072930A}.Debug|Any CPU.Build.0 = Debug|Any CPU
		{3641D69E-277C-4F89-B68A-C3CDE072930A}.Release|Any CPU.ActiveCfg = Release|Any CPU
		{3641D69E-277C-4F89-B68A-C3CDE072930A}.Release|Any CPU.Build.0 = Release|Any CPU
	EndGlobalSection
	GlobalSection(SolutionProperties) = preSolution
		HideSolutionNode = FALSE
	EndGlobalSection
	GlobalSection(ExtensibilityGlobals) = postSolution
		SolutionGuid = {29BB48FE-6E30-423B-9CEF-2FCA7484B844}
	EndGlobalSection
EndGlobal
